// !$*UTF8*$!
{
	archiveVersion = 1;
	classes = {
	};
	objectVersion = 50;
	objects = {

/* Begin PBXBuildFile section */
		8D0CDEE720CA8972004949E8 /* AppDelegate.swift in Sources */ = {isa = PBXBuildFile; fileRef = 8D0CDEE620CA8972004949E8 /* AppDelegate.swift */; };
		8D0CDEEE20CA8972004949E8 /* Main.storyboard in Resources */ = {isa = PBXBuildFile; fileRef = 8D0CDEEC20CA8972004949E8 /* Main.storyboard */; };
		8D0CDEF020CA8973004949E8 /* Assets.xcassets in Resources */ = {isa = PBXBuildFile; fileRef = 8D0CDEEF20CA8973004949E8 /* Assets.xcassets */; };
		8D0CDEF320CA8973004949E8 /* LaunchScreen.storyboard in Resources */ = {isa = PBXBuildFile; fileRef = 8D0CDEF120CA8973004949E8 /* LaunchScreen.storyboard */; };
		8D0CDEFE20CA8973004949E8 /* ZBESPLibraryTests.swift in Sources */ = {isa = PBXBuildFile; fileRef = 8D0CDEFD20CA8973004949E8 /* ZBESPLibraryTests.swift */; };
		8D0CDF0920CA8973004949E8 /* ZBESPLibraryUITests.swift in Sources */ = {isa = PBXBuildFile; fileRef = 8D0CDF0820CA8973004949E8 /* ZBESPLibraryUITests.swift */; };
		8D3A480B20CE22E100CC161D /* ZBESPManager.swift in Sources */ = {isa = PBXBuildFile; fileRef = 8D3A480A20CE22E100CC161D /* ZBESPManager.swift */; };
		8D3A480D20CF798B00CC161D /* ZBUdpScanManager.swift in Sources */ = {isa = PBXBuildFile; fileRef = 8D3A480C20CF798B00CC161D /* ZBUdpScanManager.swift */; };
		8D5F42A920D22460004E2226 /* HomeViewController.swift in Sources */ = {isa = PBXBuildFile; fileRef = 8D5F42A820D22460004E2226 /* HomeViewController.swift */; };
		8D5F42AB20D39AE0004E2226 /* ZBESPHTTPManager.swift in Sources */ = {isa = PBXBuildFile; fileRef = 8D5F42AA20D39AE0004E2226 /* ZBESPHTTPManager.swift */; };
		8D95952E20D3B6B700FF6717 /* MainWebViewController.swift in Sources */ = {isa = PBXBuildFile; fileRef = 8D95952D20D3B6B700FF6717 /* MainWebViewController.swift */; };
		8D95953120D3C20600FF6717 /* ZBESPToolsSwift.swift in Sources */ = {isa = PBXBuildFile; fileRef = 8D95953020D3C20600FF6717 /* ZBESPToolsSwift.swift */; };
		8D95953420D3C22600FF6717 /* ZBESPToolsOC.m in Sources */ = {isa = PBXBuildFile; fileRef = 8D95953320D3C22600FF6717 /* ZBESPToolsOC.m */; };
		8D9595DA20D3C4A400FF6717 /* Documentation.html in Resources */ = {isa = PBXBuildFile; fileRef = 8D9595AE20D3C4A400FF6717 /* Documentation.html */; };
		8D9595DB20D3C4A400FF6717 /* GCDAsyncUdpSocket.m in Sources */ = {isa = PBXBuildFile; fileRef = 8D9595AF20D3C4A400FF6717 /* GCDAsyncUdpSocket.m */; };
		8D9595DC20D3C4A400FF6717 /* GCDAsyncSocket.m in Sources */ = {isa = PBXBuildFile; fileRef = 8D9595B020D3C4A400FF6717 /* GCDAsyncSocket.m */; };
		8D9595DD20D3C4A400FF6717 /* DDTTYLogger.m in Sources */ = {isa = PBXBuildFile; fileRef = 8D9595B620D3C4A400FF6717 /* DDTTYLogger.m */; };
		8D9595DE20D3C4A400FF6717 /* DDASLLogger.m in Sources */ = {isa = PBXBuildFile; fileRef = 8D9595B920D3C4A400FF6717 /* DDASLLogger.m */; };
		8D9595DF20D3C4A400FF6717 /* DDContextFilterLogFormatter.m in Sources */ = {isa = PBXBuildFile; fileRef = 8D9595BC20D3C4A400FF6717 /* DDContextFilterLogFormatter.m */; };
		8D9595E020D3C4A400FF6717 /* DDDispatchQueueLogFormatter.m in Sources */ = {isa = PBXBuildFile; fileRef = 8D9595BD20D3C4A400FF6717 /* DDDispatchQueueLogFormatter.m */; };
		8D9595E120D3C4A400FF6717 /* DDMultiFormatter.m in Sources */ = {isa = PBXBuildFile; fileRef = 8D9595C020D3C4A400FF6717 /* DDMultiFormatter.m */; };
		8D9595E220D3C4A400FF6717 /* README.txt in Resources */ = {isa = PBXBuildFile; fileRef = 8D9595C220D3C4A400FF6717 /* README.txt */; };
		8D9595E320D3C4A400FF6717 /* DDLog.m in Sources */ = {isa = PBXBuildFile; fileRef = 8D9595C320D3C4A400FF6717 /* DDLog.m */; };
		8D9595E420D3C4A400FF6717 /* DDAbstractDatabaseLogger.m in Sources */ = {isa = PBXBuildFile; fileRef = 8D9595C620D3C4A400FF6717 /* DDAbstractDatabaseLogger.m */; };
		8D9595E520D3C4A400FF6717 /* DDFileLogger.m in Sources */ = {isa = PBXBuildFile; fileRef = 8D9595C720D3C4A400FF6717 /* DDFileLogger.m */; };
/* End PBXBuildFile section */

/* Begin PBXContainerItemProxy section */
		8D0CDEFA20CA8973004949E8 /* PBXContainerItemProxy */ = {
			isa = PBXContainerItemProxy;
			containerPortal = 8D0CDEDB20CA8972004949E8 /* Project object */;
			proxyType = 1;
			remoteGlobalIDString = 8D0CDEE220CA8972004949E8;
			remoteInfo = ZBESPLibrary;
		};
		8D0CDF0520CA8973004949E8 /* PBXContainerItemProxy */ = {
			isa = PBXContainerItemProxy;
			containerPortal = 8D0CDEDB20CA8972004949E8 /* Project object */;
			proxyType = 1;
			remoteGlobalIDString = 8D0CDEE220CA8972004949E8;
			remoteInfo = ZBESPLibrary;
		};
/* End PBXContainerItemProxy section */

/* Begin PBXFileReference section */
		8D0CDEE320CA8972004949E8 /* ZBESPLibrary.app */ = {isa = PBXFileReference; explicitFileType = wrapper.application; includeInIndex = 0; path = ZBESPLibrary.app; sourceTree = BUILT_PRODUCTS_DIR; };
		8D0CDEE620CA8972004949E8 /* AppDelegate.swift */ = {isa = PBXFileReference; lastKnownFileType = sourcecode.swift; path = AppDelegate.swift; sourceTree = "<group>"; };
		8D0CDEED20CA8972004949E8 /* Base */ = {isa = PBXFileReference; lastKnownFileType = file.storyboard; name = Base; path = Base.lproj/Main.storyboard; sourceTree = "<group>"; };
		8D0CDEEF20CA8973004949E8 /* Assets.xcassets */ = {isa = PBXFileReference; lastKnownFileType = folder.assetcatalog; path = Assets.xcassets; sourceTree = "<group>"; };
		8D0CDEF220CA8973004949E8 /* Base */ = {isa = PBXFileReference; lastKnownFileType = file.storyboard; name = Base; path = Base.lproj/LaunchScreen.storyboard; sourceTree = "<group>"; };
		8D0CDEF420CA8973004949E8 /* Info.plist */ = {isa = PBXFileReference; lastKnownFileType = text.plist.xml; path = Info.plist; sourceTree = "<group>"; };
		8D0CDEF920CA8973004949E8 /* ZBESPLibraryTests.xctest */ = {isa = PBXFileReference; explicitFileType = wrapper.cfbundle; includeInIndex = 0; path = ZBESPLibraryTests.xctest; sourceTree = BUILT_PRODUCTS_DIR; };
		8D0CDEFD20CA8973004949E8 /* ZBESPLibraryTests.swift */ = {isa = PBXFileReference; lastKnownFileType = sourcecode.swift; path = ZBESPLibraryTests.swift; sourceTree = "<group>"; };
		8D0CDEFF20CA8973004949E8 /* Info.plist */ = {isa = PBXFileReference; lastKnownFileType = text.plist.xml; path = Info.plist; sourceTree = "<group>"; };
		8D0CDF0420CA8973004949E8 /* ZBESPLibraryUITests.xctest */ = {isa = PBXFileReference; explicitFileType = wrapper.cfbundle; includeInIndex = 0; path = ZBESPLibraryUITests.xctest; sourceTree = BUILT_PRODUCTS_DIR; };
		8D0CDF0820CA8973004949E8 /* ZBESPLibraryUITests.swift */ = {isa = PBXFileReference; lastKnownFileType = sourcecode.swift; path = ZBESPLibraryUITests.swift; sourceTree = "<group>"; };
		8D0CDF0A20CA8973004949E8 /* Info.plist */ = {isa = PBXFileReference; lastKnownFileType = text.plist.xml; path = Info.plist; sourceTree = "<group>"; };
		8D3A480A20CE22E100CC161D /* ZBESPManager.swift */ = {isa = PBXFileReference; lastKnownFileType = sourcecode.swift; path = ZBESPManager.swift; sourceTree = "<group>"; };
		8D3A480C20CF798B00CC161D /* ZBUdpScanManager.swift */ = {isa = PBXFileReference; lastKnownFileType = sourcecode.swift; path = ZBUdpScanManager.swift; sourceTree = "<group>"; };
		8D3A480E20CF79F000CC161D /* ZBESPLibrary-Bridging-Header.h */ = {isa = PBXFileReference; lastKnownFileType = sourcecode.c.h; path = "ZBESPLibrary-Bridging-Header.h"; sourceTree = "<group>"; };
		8D5F42A820D22460004E2226 /* HomeViewController.swift */ = {isa = PBXFileReference; lastKnownFileType = sourcecode.swift; path = HomeViewController.swift; sourceTree = "<group>"; };
		8D5F42AA20D39AE0004E2226 /* ZBESPHTTPManager.swift */ = {isa = PBXFileReference; lastKnownFileType = sourcecode.swift; path = ZBESPHTTPManager.swift; sourceTree = "<group>"; };
		8D95952D20D3B6B700FF6717 /* MainWebViewController.swift */ = {isa = PBXFileReference; lastKnownFileType = sourcecode.swift; path = MainWebViewController.swift; sourceTree = "<group>"; };
		8D95953020D3C20600FF6717 /* ZBESPToolsSwift.swift */ = {isa = PBXFileReference; lastKnownFileType = sourcecode.swift; path = ZBESPToolsSwift.swift; sourceTree = "<group>"; };
		8D95953220D3C22600FF6717 /* ZBESPToolsOC.h */ = {isa = PBXFileReference; lastKnownFileType = sourcecode.c.h; path = ZBESPToolsOC.h; sourceTree = "<group>"; };
		8D95953320D3C22600FF6717 /* ZBESPToolsOC.m */ = {isa = PBXFileReference; lastKnownFileType = sourcecode.c.objc; path = ZBESPToolsOC.m; sourceTree = "<group>"; };
		8D9595AE20D3C4A400FF6717 /* Documentation.html */ = {isa = PBXFileReference; fileEncoding = 4; lastKnownFileType = text.html; path = Documentation.html; sourceTree = "<group>"; };
		8D9595AF20D3C4A400FF6717 /* GCDAsyncUdpSocket.m */ = {isa = PBXFileReference; fileEncoding = 4; lastKnownFileType = sourcecode.c.objc; path = GCDAsyncUdpSocket.m; sourceTree = "<group>"; };
		8D9595B020D3C4A400FF6717 /* GCDAsyncSocket.m */ = {isa = PBXFileReference; fileEncoding = 4; lastKnownFileType = sourcecode.c.objc; path = GCDAsyncSocket.m; sourceTree = "<group>"; };
		8D9595B120D3C4A400FF6717 /* GCDAsyncUdpSocket.h */ = {isa = PBXFileReference; fileEncoding = 4; lastKnownFileType = sourcecode.c.h; path = GCDAsyncUdpSocket.h; sourceTree = "<group>"; };
		8D9595B220D3C4A400FF6717 /* GCDAsyncSocket.h */ = {isa = PBXFileReference; fileEncoding = 4; lastKnownFileType = sourcecode.c.h; path = GCDAsyncSocket.h; sourceTree = "<group>"; };
		8D9595B320D3C4A400FF6717 /* CocoaAsyncSocket.h */ = {isa = PBXFileReference; fileEncoding = 4; lastKnownFileType = sourcecode.c.h; path = CocoaAsyncSocket.h; sourceTree = "<group>"; };
		8D9595B620D3C4A400FF6717 /* DDTTYLogger.m */ = {isa = PBXFileReference; fileEncoding = 4; lastKnownFileType = sourcecode.c.objc; path = DDTTYLogger.m; sourceTree = "<group>"; };
		8D9595B720D3C4A400FF6717 /* DDLog.h */ = {isa = PBXFileReference; fileEncoding = 4; lastKnownFileType = sourcecode.c.h; path = DDLog.h; sourceTree = "<group>"; };
		8D9595B820D3C4A400FF6717 /* DDAbstractDatabaseLogger.h */ = {isa = PBXFileReference; fileEncoding = 4; lastKnownFileType = sourcecode.c.h; path = DDAbstractDatabaseLogger.h; sourceTree = "<group>"; };
		8D9595B920D3C4A400FF6717 /* DDASLLogger.m */ = {isa = PBXFileReference; fileEncoding = 4; lastKnownFileType = sourcecode.c.objc; path = DDASLLogger.m; sourceTree = "<group>"; };
		8D9595BA20D3C4A400FF6717 /* DDFileLogger.h */ = {isa = PBXFileReference; fileEncoding = 4; lastKnownFileType = sourcecode.c.h; path = DDFileLogger.h; sourceTree = "<group>"; };
		8D9595BC20D3C4A400FF6717 /* DDContextFilterLogFormatter.m */ = {isa = PBXFileReference; fileEncoding = 4; lastKnownFileType = sourcecode.c.objc; path = DDContextFilterLogFormatter.m; sourceTree = "<group>"; };
		8D9595BD20D3C4A400FF6717 /* DDDispatchQueueLogFormatter.m */ = {isa = PBXFileReference; fileEncoding = 4; lastKnownFileType = sourcecode.c.objc; path = DDDispatchQueueLogFormatter.m; sourceTree = "<group>"; };
		8D9595BE20D3C4A400FF6717 /* DDMultiFormatter.h */ = {isa = PBXFileReference; fileEncoding = 4; lastKnownFileType = sourcecode.c.h; path = DDMultiFormatter.h; sourceTree = "<group>"; };
		8D9595BF20D3C4A400FF6717 /* DDContextFilterLogFormatter.h */ = {isa = PBXFileReference; fileEncoding = 4; lastKnownFileType = sourcecode.c.h; path = DDContextFilterLogFormatter.h; sourceTree = "<group>"; };
		8D9595C020D3C4A400FF6717 /* DDMultiFormatter.m */ = {isa = PBXFileReference; fileEncoding = 4; lastKnownFileType = sourcecode.c.objc; path = DDMultiFormatter.m; sourceTree = "<group>"; };
		8D9595C120D3C4A400FF6717 /* DDDispatchQueueLogFormatter.h */ = {isa = PBXFileReference; fileEncoding = 4; lastKnownFileType = sourcecode.c.h; path = DDDispatchQueueLogFormatter.h; sourceTree = "<group>"; };
		8D9595C220D3C4A400FF6717 /* README.txt */ = {isa = PBXFileReference; fileEncoding = 4; lastKnownFileType = text; path = README.txt; sourceTree = "<group>"; };
		8D9595C320D3C4A400FF6717 /* DDLog.m */ = {isa = PBXFileReference; fileEncoding = 4; lastKnownFileType = sourcecode.c.objc; path = DDLog.m; sourceTree = "<group>"; };
		8D9595C420D3C4A400FF6717 /* DDTTYLogger.h */ = {isa = PBXFileReference; fileEncoding = 4; lastKnownFileType = sourcecode.c.h; path = DDTTYLogger.h; sourceTree = "<group>"; };
		8D9595C520D3C4A400FF6717 /* DDLog+LOGV.h */ = {isa = PBXFileReference; fileEncoding = 4; lastKnownFileType = sourcecode.c.h; path = "DDLog+LOGV.h"; sourceTree = "<group>"; };
		8D9595C620D3C4A400FF6717 /* DDAbstractDatabaseLogger.m */ = {isa = PBXFileReference; fileEncoding = 4; lastKnownFileType = sourcecode.c.objc; path = DDAbstractDatabaseLogger.m; sourceTree = "<group>"; };
		8D9595C720D3C4A400FF6717 /* DDFileLogger.m */ = {isa = PBXFileReference; fileEncoding = 4; lastKnownFileType = sourcecode.c.objc; path = DDFileLogger.m; sourceTree = "<group>"; };
		8D9595C820D3C4A400FF6717 /* DDASLLogger.h */ = {isa = PBXFileReference; fileEncoding = 4; lastKnownFileType = sourcecode.c.h; path = DDASLLogger.h; sourceTree = "<group>"; };
/* End PBXFileReference section */

/* Begin PBXFrameworksBuildPhase section */
		8D0CDEE020CA8972004949E8 /* Frameworks */ = {
			isa = PBXFrameworksBuildPhase;
			buildActionMask = 2147483647;
			files = (
			);
			runOnlyForDeploymentPostprocessing = 0;
		};
		8D0CDEF620CA8973004949E8 /* Frameworks */ = {
			isa = PBXFrameworksBuildPhase;
			buildActionMask = 2147483647;
			files = (
			);
			runOnlyForDeploymentPostprocessing = 0;
		};
		8D0CDF0120CA8973004949E8 /* Frameworks */ = {
			isa = PBXFrameworksBuildPhase;
			buildActionMask = 2147483647;
			files = (
			);
			runOnlyForDeploymentPostprocessing = 0;
		};
/* End PBXFrameworksBuildPhase section */

/* Begin PBXGroup section */
		8D0CDEDA20CA8972004949E8 = {
			isa = PBXGroup;
			children = (
				8D3A480E20CF79F000CC161D /* ZBESPLibrary-Bridging-Header.h */,
				8D3A480520CE208F00CC161D /* ZBESPManager */,
				8D0CDEE520CA8972004949E8 /* ZBESPLibrary */,
				8D0CDEFC20CA8973004949E8 /* ZBESPLibraryTests */,
				8D0CDF0720CA8973004949E8 /* ZBESPLibraryUITests */,
				8D0CDEE420CA8972004949E8 /* Products */,
			);
			sourceTree = "<group>";
		};
		8D0CDEE420CA8972004949E8 /* Products */ = {
			isa = PBXGroup;
			children = (
				8D0CDEE320CA8972004949E8 /* ZBESPLibrary.app */,
				8D0CDEF920CA8973004949E8 /* ZBESPLibraryTests.xctest */,
				8D0CDF0420CA8973004949E8 /* ZBESPLibraryUITests.xctest */,
			);
			name = Products;
			sourceTree = "<group>";
		};
		8D0CDEE520CA8972004949E8 /* ZBESPLibrary */ = {
			isa = PBXGroup;
			children = (
				8D0CDEE620CA8972004949E8 /* AppDelegate.swift */,
				8D95952D20D3B6B700FF6717 /* MainWebViewController.swift */,
				8D0CDEEF20CA8973004949E8 /* Assets.xcassets */,
				8D0CDEF120CA8973004949E8 /* LaunchScreen.storyboard */,
				8D0CDEF420CA8973004949E8 /* Info.plist */,
				8D0CDEEC20CA8972004949E8 /* Main.storyboard */,
				8D5F42A820D22460004E2226 /* HomeViewController.swift */,
			);
			path = ZBESPLibrary;
			sourceTree = "<group>";
		};
		8D0CDEFC20CA8973004949E8 /* ZBESPLibraryTests */ = {
			isa = PBXGroup;
			children = (
				8D0CDEFD20CA8973004949E8 /* ZBESPLibraryTests.swift */,
				8D0CDEFF20CA8973004949E8 /* Info.plist */,
			);
			path = ZBESPLibraryTests;
			sourceTree = "<group>";
		};
		8D0CDF0720CA8973004949E8 /* ZBESPLibraryUITests */ = {
			isa = PBXGroup;
			children = (
				8D0CDF0820CA8973004949E8 /* ZBESPLibraryUITests.swift */,
				8D0CDF0A20CA8973004949E8 /* Info.plist */,
			);
			path = ZBESPLibraryUITests;
			sourceTree = "<group>";
		};
		8D3A480520CE208F00CC161D /* ZBESPManager */ = {
			isa = PBXGroup;
			children = (
				8D3A480A20CE22E100CC161D /* ZBESPManager.swift */,
				8D95952F20D3C1C700FF6717 /* Tools */,
				8D3A480920CE229F00CC161D /* ZBDeviceManager */,
				8D3A480820CE21CC00CC161D /* ZBIOManager */,
				8D3A480720CE21B500CC161D /* ZBDataManager */,
				8D3A480620CE213700CC161D /* ZBLinkManager */,
			);
			path = ZBESPManager;
			sourceTree = "<group>";
		};
		8D3A480620CE213700CC161D /* ZBLinkManager */ = {
			isa = PBXGroup;
			children = (
				8D3A480C20CF798B00CC161D /* ZBUdpScanManager.swift */,
			);
			path = ZBLinkManager;
			sourceTree = "<group>";
		};
		8D3A480720CE21B500CC161D /* ZBDataManager */ = {
			isa = PBXGroup;
			children = (
			);
			path = ZBDataManager;
			sourceTree = "<group>";
		};
		8D3A480820CE21CC00CC161D /* ZBIOManager */ = {
			isa = PBXGroup;
			children = (
				8D5F42AA20D39AE0004E2226 /* ZBESPHTTPManager.swift */,
			);
			path = ZBIOManager;
			sourceTree = "<group>";
		};
		8D3A480920CE229F00CC161D /* ZBDeviceManager */ = {
			isa = PBXGroup;
			children = (
			);
			path = ZBDeviceManager;
			sourceTree = "<group>";
		};
		8D95952F20D3C1C700FF6717 /* Tools */ = {
			isa = PBXGroup;
			children = (
				8D9595AC20D3C4A400FF6717 /* CocoaAsyncSocket */,
				8D95953520D3C32600FF6717 /* ESP_Old */,
				8D95953020D3C20600FF6717 /* ZBESPToolsSwift.swift */,
				8D95953220D3C22600FF6717 /* ZBESPToolsOC.h */,
				8D95953320D3C22600FF6717 /* ZBESPToolsOC.m */,
			);
			path = Tools;
			sourceTree = "<group>";
		};
		8D95953520D3C32600FF6717 /* ESP_Old */ = {
			isa = PBXGroup;
			children = (
			);
			path = ESP_Old;
			sourceTree = "<group>";
		};
		8D9595AC20D3C4A400FF6717 /* CocoaAsyncSocket */ = {
			isa = PBXGroup;
			children = (
				8D9595AD20D3C4A400FF6717 /* GCD */,
				8D9595B320D3C4A400FF6717 /* CocoaAsyncSocket.h */,
				8D9595B420D3C4A400FF6717 /* Vendor */,
			);
			path = CocoaAsyncSocket;
			sourceTree = "<group>";
		};
		8D9595AD20D3C4A400FF6717 /* GCD */ = {
			isa = PBXGroup;
			children = (
				8D9595AE20D3C4A400FF6717 /* Documentation.html */,
				8D9595AF20D3C4A400FF6717 /* GCDAsyncUdpSocket.m */,
				8D9595B020D3C4A400FF6717 /* GCDAsyncSocket.m */,
				8D9595B120D3C4A400FF6717 /* GCDAsyncUdpSocket.h */,
				8D9595B220D3C4A400FF6717 /* GCDAsyncSocket.h */,
			);
			path = GCD;
			sourceTree = "<group>";
		};
		8D9595B420D3C4A400FF6717 /* Vendor */ = {
			isa = PBXGroup;
			children = (
				8D9595B520D3C4A400FF6717 /* CocoaLumberjack */,
			);
			path = Vendor;
			sourceTree = "<group>";
		};
		8D9595B520D3C4A400FF6717 /* CocoaLumberjack */ = {
			isa = PBXGroup;
			children = (
				8D9595B620D3C4A400FF6717 /* DDTTYLogger.m */,
				8D9595B720D3C4A400FF6717 /* DDLog.h */,
				8D9595B820D3C4A400FF6717 /* DDAbstractDatabaseLogger.h */,
				8D9595B920D3C4A400FF6717 /* DDASLLogger.m */,
				8D9595BA20D3C4A400FF6717 /* DDFileLogger.h */,
				8D9595BB20D3C4A400FF6717 /* Extensions */,
				8D9595C320D3C4A400FF6717 /* DDLog.m */,
				8D9595C420D3C4A400FF6717 /* DDTTYLogger.h */,
				8D9595C520D3C4A400FF6717 /* DDLog+LOGV.h */,
				8D9595C620D3C4A400FF6717 /* DDAbstractDatabaseLogger.m */,
				8D9595C720D3C4A400FF6717 /* DDFileLogger.m */,
				8D9595C820D3C4A400FF6717 /* DDASLLogger.h */,
			);
			path = CocoaLumberjack;
			sourceTree = "<group>";
		};
		8D9595BB20D3C4A400FF6717 /* Extensions */ = {
			isa = PBXGroup;
			children = (
				8D9595BC20D3C4A400FF6717 /* DDContextFilterLogFormatter.m */,
				8D9595BD20D3C4A400FF6717 /* DDDispatchQueueLogFormatter.m */,
				8D9595BE20D3C4A400FF6717 /* DDMultiFormatter.h */,
				8D9595BF20D3C4A400FF6717 /* DDContextFilterLogFormatter.h */,
				8D9595C020D3C4A400FF6717 /* DDMultiFormatter.m */,
				8D9595C120D3C4A400FF6717 /* DDDispatchQueueLogFormatter.h */,
				8D9595C220D3C4A400FF6717 /* README.txt */,
			);
			path = Extensions;
			sourceTree = "<group>";
		};
/* End PBXGroup section */

/* Begin PBXNativeTarget section */
		8D0CDEE220CA8972004949E8 /* ZBESPLibrary */ = {
			isa = PBXNativeTarget;
			buildConfigurationList = 8D0CDF0D20CA8973004949E8 /* Build configuration list for PBXNativeTarget "ZBESPLibrary" */;
			buildPhases = (
				8D0CDEDF20CA8972004949E8 /* Sources */,
				8D0CDEE020CA8972004949E8 /* Frameworks */,
				8D0CDEE120CA8972004949E8 /* Resources */,
			);
			buildRules = (
			);
			dependencies = (
			);
			name = ZBESPLibrary;
			productName = ZBESPLibrary;
			productReference = 8D0CDEE320CA8972004949E8 /* ZBESPLibrary.app */;
			productType = "com.apple.product-type.application";
		};
		8D0CDEF820CA8973004949E8 /* ZBESPLibraryTests */ = {
			isa = PBXNativeTarget;
			buildConfigurationList = 8D0CDF1020CA8973004949E8 /* Build configuration list for PBXNativeTarget "ZBESPLibraryTests" */;
			buildPhases = (
				8D0CDEF520CA8973004949E8 /* Sources */,
				8D0CDEF620CA8973004949E8 /* Frameworks */,
				8D0CDEF720CA8973004949E8 /* Resources */,
			);
			buildRules = (
			);
			dependencies = (
				8D0CDEFB20CA8973004949E8 /* PBXTargetDependency */,
			);
			name = ZBESPLibraryTests;
			productName = ZBESPLibraryTests;
			productReference = 8D0CDEF920CA8973004949E8 /* ZBESPLibraryTests.xctest */;
			productType = "com.apple.product-type.bundle.unit-test";
		};
		8D0CDF0320CA8973004949E8 /* ZBESPLibraryUITests */ = {
			isa = PBXNativeTarget;
			buildConfigurationList = 8D0CDF1320CA8973004949E8 /* Build configuration list for PBXNativeTarget "ZBESPLibraryUITests" */;
			buildPhases = (
				8D0CDF0020CA8973004949E8 /* Sources */,
				8D0CDF0120CA8973004949E8 /* Frameworks */,
				8D0CDF0220CA8973004949E8 /* Resources */,
			);
			buildRules = (
			);
			dependencies = (
				8D0CDF0620CA8973004949E8 /* PBXTargetDependency */,
			);
			name = ZBESPLibraryUITests;
			productName = ZBESPLibraryUITests;
			productReference = 8D0CDF0420CA8973004949E8 /* ZBESPLibraryUITests.xctest */;
			productType = "com.apple.product-type.bundle.ui-testing";
		};
/* End PBXNativeTarget section */

/* Begin PBXProject section */
		8D0CDEDB20CA8972004949E8 /* Project object */ = {
			isa = PBXProject;
			attributes = {
				LastSwiftUpdateCheck = 0940;
				LastUpgradeCheck = 0940;
				ORGANIZATIONNAME = zhaobing;
				TargetAttributes = {
					8D0CDEE220CA8972004949E8 = {
						CreatedOnToolsVersion = 9.4;
						LastSwiftMigration = 0940;
					};
					8D0CDEF820CA8973004949E8 = {
						CreatedOnToolsVersion = 9.4;
						TestTargetID = 8D0CDEE220CA8972004949E8;
					};
					8D0CDF0320CA8973004949E8 = {
						CreatedOnToolsVersion = 9.4;
						TestTargetID = 8D0CDEE220CA8972004949E8;
					};
				};
			};
			buildConfigurationList = 8D0CDEDE20CA8972004949E8 /* Build configuration list for PBXProject "ZBESPLibrary" */;
			compatibilityVersion = "Xcode 9.3";
			developmentRegion = en;
			hasScannedForEncodings = 0;
			knownRegions = (
				en,
				Base,
			);
			mainGroup = 8D0CDEDA20CA8972004949E8;
			productRefGroup = 8D0CDEE420CA8972004949E8 /* Products */;
			projectDirPath = "";
			projectRoot = "";
			targets = (
				8D0CDEE220CA8972004949E8 /* ZBESPLibrary */,
				8D0CDEF820CA8973004949E8 /* ZBESPLibraryTests */,
				8D0CDF0320CA8973004949E8 /* ZBESPLibraryUITests */,
			);
		};
/* End PBXProject section */

/* Begin PBXResourcesBuildPhase section */
		8D0CDEE120CA8972004949E8 /* Resources */ = {
			isa = PBXResourcesBuildPhase;
			buildActionMask = 2147483647;
			files = (
				8D0CDEF320CA8973004949E8 /* LaunchScreen.storyboard in Resources */,
				8D0CDEF020CA8973004949E8 /* Assets.xcassets in Resources */,
				8D9595DA20D3C4A400FF6717 /* Documentation.html in Resources */,
				8D9595E220D3C4A400FF6717 /* README.txt in Resources */,
				8D0CDEEE20CA8972004949E8 /* Main.storyboard in Resources */,
			);
			runOnlyForDeploymentPostprocessing = 0;
		};
		8D0CDEF720CA8973004949E8 /* Resources */ = {
			isa = PBXResourcesBuildPhase;
			buildActionMask = 2147483647;
			files = (
			);
			runOnlyForDeploymentPostprocessing = 0;
		};
		8D0CDF0220CA8973004949E8 /* Resources */ = {
			isa = PBXResourcesBuildPhase;
			buildActionMask = 2147483647;
			files = (
			);
			runOnlyForDeploymentPostprocessing = 0;
		};
/* End PBXResourcesBuildPhase section */

/* Begin PBXSourcesBuildPhase section */
		8D0CDEDF20CA8972004949E8 /* Sources */ = {
			isa = PBXSourcesBuildPhase;
			buildActionMask = 2147483647;
			files = (
				8D9595E120D3C4A400FF6717 /* DDMultiFormatter.m in Sources */,
				8D9595E520D3C4A400FF6717 /* DDFileLogger.m in Sources */,
				8D95953120D3C20600FF6717 /* ZBESPToolsSwift.swift in Sources */,
				8D9595E020D3C4A400FF6717 /* DDDispatchQueueLogFormatter.m in Sources */,
				8D9595E420D3C4A400FF6717 /* DDAbstractDatabaseLogger.m in Sources */,
				8D9595DB20D3C4A400FF6717 /* GCDAsyncUdpSocket.m in Sources */,
				8D95952E20D3B6B700FF6717 /* MainWebViewController.swift in Sources */,
				8D9595DC20D3C4A400FF6717 /* GCDAsyncSocket.m in Sources */,
				8D3A480D20CF798B00CC161D /* ZBUdpScanManager.swift in Sources */,
				8D9595DF20D3C4A400FF6717 /* DDContextFilterLogFormatter.m in Sources */,
				8D3A480B20CE22E100CC161D /* ZBESPManager.swift in Sources */,
				8D95953420D3C22600FF6717 /* ZBESPToolsOC.m in Sources */,
				8D0CDEE720CA8972004949E8 /* AppDelegate.swift in Sources */,
				8D9595DE20D3C4A400FF6717 /* DDASLLogger.m in Sources */,
				8D9595E320D3C4A400FF6717 /* DDLog.m in Sources */,
				8D9595DD20D3C4A400FF6717 /* DDTTYLogger.m in Sources */,
				8D5F42AB20D39AE0004E2226 /* ZBESPHTTPManager.swift in Sources */,
				8D5F42A920D22460004E2226 /* HomeViewController.swift in Sources */,
			);
			runOnlyForDeploymentPostprocessing = 0;
		};
		8D0CDEF520CA8973004949E8 /* Sources */ = {
			isa = PBXSourcesBuildPhase;
			buildActionMask = 2147483647;
			files = (
				8D0CDEFE20CA8973004949E8 /* ZBESPLibraryTests.swift in Sources */,
			);
			runOnlyForDeploymentPostprocessing = 0;
		};
		8D0CDF0020CA8973004949E8 /* Sources */ = {
			isa = PBXSourcesBuildPhase;
			buildActionMask = 2147483647;
			files = (
				8D0CDF0920CA8973004949E8 /* ZBESPLibraryUITests.swift in Sources */,
			);
			runOnlyForDeploymentPostprocessing = 0;
		};
/* End PBXSourcesBuildPhase section */

/* Begin PBXTargetDependency section */
		8D0CDEFB20CA8973004949E8 /* PBXTargetDependency */ = {
			isa = PBXTargetDependency;
			target = 8D0CDEE220CA8972004949E8 /* ZBESPLibrary */;
			targetProxy = 8D0CDEFA20CA8973004949E8 /* PBXContainerItemProxy */;
		};
		8D0CDF0620CA8973004949E8 /* PBXTargetDependency */ = {
			isa = PBXTargetDependency;
			target = 8D0CDEE220CA8972004949E8 /* ZBESPLibrary */;
			targetProxy = 8D0CDF0520CA8973004949E8 /* PBXContainerItemProxy */;
		};
/* End PBXTargetDependency section */

/* Begin PBXVariantGroup section */
		8D0CDEEC20CA8972004949E8 /* Main.storyboard */ = {
			isa = PBXVariantGroup;
			children = (
				8D0CDEED20CA8972004949E8 /* Base */,
			);
			name = Main.storyboard;
			sourceTree = "<group>";
		};
		8D0CDEF120CA8973004949E8 /* LaunchScreen.storyboard */ = {
			isa = PBXVariantGroup;
			children = (
				8D0CDEF220CA8973004949E8 /* Base */,
			);
			name = LaunchScreen.storyboard;
			sourceTree = "<group>";
		};
/* End PBXVariantGroup section */

/* Begin XCBuildConfiguration section */
		8D0CDF0B20CA8973004949E8 /* Debug */ = {
			isa = XCBuildConfiguration;
			buildSettings = {
				ALWAYS_SEARCH_USER_PATHS = NO;
				CLANG_ANALYZER_NONNULL = YES;
				CLANG_ANALYZER_NUMBER_OBJECT_CONVERSION = YES_AGGRESSIVE;
				CLANG_CXX_LANGUAGE_STANDARD = "gnu++14";
				CLANG_CXX_LIBRARY = "libc++";
				CLANG_ENABLE_MODULES = YES;
				CLANG_ENABLE_OBJC_ARC = YES;
				CLANG_ENABLE_OBJC_WEAK = YES;
				CLANG_WARN_BLOCK_CAPTURE_AUTORELEASING = YES;
				CLANG_WARN_BOOL_CONVERSION = YES;
				CLANG_WARN_COMMA = YES;
				CLANG_WARN_CONSTANT_CONVERSION = YES;
				CLANG_WARN_DEPRECATED_OBJC_IMPLEMENTATIONS = YES;
				CLANG_WARN_DIRECT_OBJC_ISA_USAGE = YES_ERROR;
				CLANG_WARN_DOCUMENTATION_COMMENTS = YES;
				CLANG_WARN_EMPTY_BODY = YES;
				CLANG_WARN_ENUM_CONVERSION = YES;
				CLANG_WARN_INFINITE_RECURSION = YES;
				CLANG_WARN_INT_CONVERSION = YES;
				CLANG_WARN_NON_LITERAL_NULL_CONVERSION = YES;
				CLANG_WARN_OBJC_IMPLICIT_RETAIN_SELF = YES;
				CLANG_WARN_OBJC_LITERAL_CONVERSION = YES;
				CLANG_WARN_OBJC_ROOT_CLASS = YES_ERROR;
				CLANG_WARN_RANGE_LOOP_ANALYSIS = YES;
				CLANG_WARN_STRICT_PROTOTYPES = YES;
				CLANG_WARN_SUSPICIOUS_MOVE = YES;
				CLANG_WARN_UNGUARDED_AVAILABILITY = YES_AGGRESSIVE;
				CLANG_WARN_UNREACHABLE_CODE = YES;
				CLANG_WARN__DUPLICATE_METHOD_MATCH = YES;
				CODE_SIGN_IDENTITY = "iPhone Developer";
				COPY_PHASE_STRIP = NO;
				DEBUG_INFORMATION_FORMAT = dwarf;
				ENABLE_STRICT_OBJC_MSGSEND = YES;
				ENABLE_TESTABILITY = YES;
				GCC_C_LANGUAGE_STANDARD = gnu11;
				GCC_DYNAMIC_NO_PIC = NO;
				GCC_NO_COMMON_BLOCKS = YES;
				GCC_OPTIMIZATION_LEVEL = 0;
				GCC_PREPROCESSOR_DEFINITIONS = (
					"DEBUG=1",
					"$(inherited)",
				);
				GCC_WARN_64_TO_32_BIT_CONVERSION = YES;
				GCC_WARN_ABOUT_RETURN_TYPE = YES_ERROR;
				GCC_WARN_UNDECLARED_SELECTOR = YES;
				GCC_WARN_UNINITIALIZED_AUTOS = YES_AGGRESSIVE;
				GCC_WARN_UNUSED_FUNCTION = YES;
				GCC_WARN_UNUSED_VARIABLE = YES;
				IPHONEOS_DEPLOYMENT_TARGET = 9.0;
				MTL_ENABLE_DEBUG_INFO = YES;
				ONLY_ACTIVE_ARCH = YES;
				SDKROOT = iphoneos;
				SWIFT_ACTIVE_COMPILATION_CONDITIONS = DEBUG;
				SWIFT_OPTIMIZATION_LEVEL = "-Onone";
			};
			name = Debug;
		};
		8D0CDF0C20CA8973004949E8 /* Release */ = {
			isa = XCBuildConfiguration;
			buildSettings = {
				ALWAYS_SEARCH_USER_PATHS = NO;
				CLANG_ANALYZER_NONNULL = YES;
				CLANG_ANALYZER_NUMBER_OBJECT_CONVERSION = YES_AGGRESSIVE;
				CLANG_CXX_LANGUAGE_STANDARD = "gnu++14";
				CLANG_CXX_LIBRARY = "libc++";
				CLANG_ENABLE_MODULES = YES;
				CLANG_ENABLE_OBJC_ARC = YES;
				CLANG_ENABLE_OBJC_WEAK = YES;
				CLANG_WARN_BLOCK_CAPTURE_AUTORELEASING = YES;
				CLANG_WARN_BOOL_CONVERSION = YES;
				CLANG_WARN_COMMA = YES;
				CLANG_WARN_CONSTANT_CONVERSION = YES;
				CLANG_WARN_DEPRECATED_OBJC_IMPLEMENTATIONS = YES;
				CLANG_WARN_DIRECT_OBJC_ISA_USAGE = YES_ERROR;
				CLANG_WARN_DOCUMENTATION_COMMENTS = YES;
				CLANG_WARN_EMPTY_BODY = YES;
				CLANG_WARN_ENUM_CONVERSION = YES;
				CLANG_WARN_INFINITE_RECURSION = YES;
				CLANG_WARN_INT_CONVERSION = YES;
				CLANG_WARN_NON_LITERAL_NULL_CONVERSION = YES;
				CLANG_WARN_OBJC_IMPLICIT_RETAIN_SELF = YES;
				CLANG_WARN_OBJC_LITERAL_CONVERSION = YES;
				CLANG_WARN_OBJC_ROOT_CLASS = YES_ERROR;
				CLANG_WARN_RANGE_LOOP_ANALYSIS = YES;
				CLANG_WARN_STRICT_PROTOTYPES = YES;
				CLANG_WARN_SUSPICIOUS_MOVE = YES;
				CLANG_WARN_UNGUARDED_AVAILABILITY = YES_AGGRESSIVE;
				CLANG_WARN_UNREACHABLE_CODE = YES;
				CLANG_WARN__DUPLICATE_METHOD_MATCH = YES;
				CODE_SIGN_IDENTITY = "iPhone Developer";
				COPY_PHASE_STRIP = NO;
				DEBUG_INFORMATION_FORMAT = "dwarf-with-dsym";
				ENABLE_NS_ASSERTIONS = NO;
				ENABLE_STRICT_OBJC_MSGSEND = YES;
				GCC_C_LANGUAGE_STANDARD = gnu11;
				GCC_NO_COMMON_BLOCKS = YES;
				GCC_WARN_64_TO_32_BIT_CONVERSION = YES;
				GCC_WARN_ABOUT_RETURN_TYPE = YES_ERROR;
				GCC_WARN_UNDECLARED_SELECTOR = YES;
				GCC_WARN_UNINITIALIZED_AUTOS = YES_AGGRESSIVE;
				GCC_WARN_UNUSED_FUNCTION = YES;
				GCC_WARN_UNUSED_VARIABLE = YES;
				IPHONEOS_DEPLOYMENT_TARGET = 9.0;
				MTL_ENABLE_DEBUG_INFO = NO;
				SDKROOT = iphoneos;
				SWIFT_COMPILATION_MODE = wholemodule;
				SWIFT_OPTIMIZATION_LEVEL = "-O";
				VALIDATE_PRODUCT = YES;
			};
			name = Release;
		};
		8D0CDF0E20CA8973004949E8 /* Debug */ = {
			isa = XCBuildConfiguration;
			buildSettings = {
				ASSETCATALOG_COMPILER_APPICON_NAME = AppIcon;
				CLANG_ENABLE_MODULES = YES;
				CODE_SIGN_STYLE = Automatic;
				DEVELOPMENT_TEAM = QWXF6GB4AV;
				INFOPLIST_FILE = ZBESPLibrary/Info.plist;
				LD_RUNPATH_SEARCH_PATHS = (
					"$(inherited)",
					"@executable_path/Frameworks",
				);
				LIBRARY_SEARCH_PATHS = "$(inherited)";
				PRODUCT_BUNDLE_IDENTIFIER = com.espressif.esplibrary;
				PRODUCT_NAME = "$(TARGET_NAME)";
				SWIFT_OBJC_BRIDGING_HEADER = "ZBESPLibrary-Bridging-Header.h";
				SWIFT_OPTIMIZATION_LEVEL = "-Onone";
				SWIFT_VERSION = 4.0;
				TARGETED_DEVICE_FAMILY = "1,2";
			};
			name = Debug;
		};
		8D0CDF0F20CA8973004949E8 /* Release */ = {
			isa = XCBuildConfiguration;
			buildSettings = {
				ASSETCATALOG_COMPILER_APPICON_NAME = AppIcon;
				CLANG_ENABLE_MODULES = YES;
				CODE_SIGN_STYLE = Automatic;
				DEVELOPMENT_TEAM = QWXF6GB4AV;
				INFOPLIST_FILE = ZBESPLibrary/Info.plist;
				LD_RUNPATH_SEARCH_PATHS = (
					"$(inherited)",
					"@executable_path/Frameworks",
				);
				LIBRARY_SEARCH_PATHS = "$(inherited)";
				PRODUCT_BUNDLE_IDENTIFIER = com.espressif.esplibrary;
				PRODUCT_NAME = "$(TARGET_NAME)";
				SWIFT_OBJC_BRIDGING_HEADER = "ZBESPLibrary-Bridging-Header.h";
				SWIFT_VERSION = 4.0;
				TARGETED_DEVICE_FAMILY = "1,2";
			};
			name = Release;
		};
		8D0CDF1120CA8973004949E8 /* Debug */ = {
			isa = XCBuildConfiguration;
			buildSettings = {
				ALWAYS_EMBED_SWIFT_STANDARD_LIBRARIES = YES;
				BUNDLE_LOADER = "$(TEST_HOST)";
				CODE_SIGN_STYLE = Automatic;
				DEVELOPMENT_TEAM = QWY5DY832N;
				INFOPLIST_FILE = ZBESPLibraryTests/Info.plist;
				LD_RUNPATH_SEARCH_PATHS = (
					"$(inherited)",
					"@executable_path/Frameworks",
					"@loader_path/Frameworks",
				);
				PRODUCT_BUNDLE_IDENTIFIER = com.espressif.ZBESPLibraryTests;
				PRODUCT_NAME = "$(TARGET_NAME)";
				SWIFT_VERSION = 4.0;
				TARGETED_DEVICE_FAMILY = "1,2";
				TEST_HOST = "$(BUILT_PRODUCTS_DIR)/ZBESPLibrary.app/ZBESPLibrary";
			};
			name = Debug;
		};
		8D0CDF1220CA8973004949E8 /* Release */ = {
			isa = XCBuildConfiguration;
			buildSettings = {
				ALWAYS_EMBED_SWIFT_STANDARD_LIBRARIES = YES;
				BUNDLE_LOADER = "$(TEST_HOST)";
				CODE_SIGN_STYLE = Automatic;
				DEVELOPMENT_TEAM = QWY5DY832N;
				INFOPLIST_FILE = ZBESPLibraryTests/Info.plist;
				LD_RUNPATH_SEARCH_PATHS = (
					"$(inherited)",
					"@executable_path/Frameworks",
					"@loader_path/Frameworks",
				);
				PRODUCT_BUNDLE_IDENTIFIER = com.espressif.ZBESPLibraryTests;
				PRODUCT_NAME = "$(TARGET_NAME)";
				SWIFT_VERSION = 4.0;
				TARGETED_DEVICE_FAMILY = "1,2";
				TEST_HOST = "$(BUILT_PRODUCTS_DIR)/ZBESPLibrary.app/ZBESPLibrary";
			};
			name = Release;
		};
		8D0CDF1420CA8973004949E8 /* Debug */ = {
			isa = XCBuildConfiguration;
			buildSettings = {
				ALWAYS_EMBED_SWIFT_STANDARD_LIBRARIES = YES;
				CODE_SIGN_STYLE = Automatic;
				DEVELOPMENT_TEAM = QWY5DY832N;
				INFOPLIST_FILE = ZBESPLibraryUITests/Info.plist;
				LD_RUNPATH_SEARCH_PATHS = (
					"$(inherited)",
					"@executable_path/Frameworks",
					"@loader_path/Frameworks",
				);
				PRODUCT_BUNDLE_IDENTIFIER = com.espressif.ZBESPLibraryUITests;
				PRODUCT_NAME = "$(TARGET_NAME)";
				SWIFT_VERSION = 4.0;
				TARGETED_DEVICE_FAMILY = "1,2";
				TEST_TARGET_NAME = ZBESPLibrary;
			};
			name = Debug;
		};
		8D0CDF1520CA8973004949E8 /* Release */ = {
			isa = XCBuildConfiguration;
			buildSettings = {
				ALWAYS_EMBED_SWIFT_STANDARD_LIBRARIES = YES;
				CODE_SIGN_STYLE = Automatic;
				DEVELOPMENT_TEAM = QWY5DY832N;
				INFOPLIST_FILE = ZBESPLibraryUITests/Info.plist;
				LD_RUNPATH_SEARCH_PATHS = (
					"$(inherited)",
					"@executable_path/Frameworks",
					"@loader_path/Frameworks",
				);
				PRODUCT_BUNDLE_IDENTIFIER = com.espressif.ZBESPLibraryUITests;
				PRODUCT_NAME = "$(TARGET_NAME)";
				SWIFT_VERSION = 4.0;
				TARGETED_DEVICE_FAMILY = "1,2";
				TEST_TARGET_NAME = ZBESPLibrary;
			};
			name = Release;
		};
/* End XCBuildConfiguration section */

/* Begin XCConfigurationList section */
		8D0CDEDE20CA8972004949E8 /* Build configuration list for PBXProject "ZBESPLibrary" */ = {
			isa = XCConfigurationList;
			buildConfigurations = (
				8D0CDF0B20CA8973004949E8 /* Debug */,
				8D0CDF0C20CA8973004949E8 /* Release */,
			);
			defaultConfigurationIsVisible = 0;
			defaultConfigurationName = Release;
		};
		8D0CDF0D20CA8973004949E8 /* Build configuration list for PBXNativeTarget "ZBESPLibrary" */ = {
			isa = XCConfigurationList;
			buildConfigurations = (
				8D0CDF0E20CA8973004949E8 /* Debug */,
				8D0CDF0F20CA8973004949E8 /* Release */,
			);
			defaultConfigurationIsVisible = 0;
			defaultConfigurationName = Release;
		};
		8D0CDF1020CA8973004949E8 /* Build configuration list for PBXNativeTarget "ZBESPLibraryTests" */ = {
			isa = XCConfigurationList;
			buildConfigurations = (
				8D0CDF1120CA8973004949E8 /* Debug */,
				8D0CDF1220CA8973004949E8 /* Release */,
			);
			defaultConfigurationIsVisible = 0;
			defaultConfigurationName = Release;
		};
		8D0CDF1320CA8973004949E8 /* Build configuration list for PBXNativeTarget "ZBESPLibraryUITests" */ = {
			isa = XCConfigurationList;
			buildConfigurations = (
				8D0CDF1420CA8973004949E8 /* Debug */,
				8D0CDF1520CA8973004949E8 /* Release */,
			);
			defaultConfigurationIsVisible = 0;
			defaultConfigurationName = Release;
		};
/* End XCConfigurationList section */
	};
	rootObject = 8D0CDEDB20CA8972004949E8 /* Project object */;
}
